{
  "requires": true,
  "lockfileVersion": 1,
  "dependencies": {
    "bulma-prefers-dark": {
      "version": "0.1.0-beta.0",
      "resolved": "https://registry.npmjs.org/bulma-prefers-dark/-/bulma-prefers-dark-0.1.0-beta.0.tgz",
      "integrity": "sha512-EeDW8pQrkYEOXo2l3WykfghbUzi8jlQWGI+Cu2HwmXwQHMcoGF6yiKYCNShttN+8z3atq8fLWh3B7pqXUV4fBA=="
    }
  }
}
